
Microsoft Visual Studio Solution File, Format Version 12.00
# Visual Studio 15
VisualStudioVersion = 15.0.27004.2005
MinimumVisualStudioVersion = 10.0.40219.1
Project("{9092AA53-FB77-4645-B42D-1CCCA6BD08BD}") = "cotton", "cotton\cotton.njsproj", "{B14B0499-CFB3-413D-AC0F-7CE5BCE2CDE9}"
EndProject
Global
	GlobalSection(SolutionConfigurationPlatforms) = preSolution
		Debug|Any CPU = Debug|Any CPU
		Release|Any CPU = Release|Any CPU
	EndGlobalSection
	GlobalSection(ProjectConfigurationPlatforms) = postSolution
		{B14B0499-CFB3-413D-AC0F-7CE5BCE2CDE9}.Debug|Any CPU.ActiveCfg = Debug|Any CPU
		{B14B0499-CFB3-413D-AC0F-7CE5BCE2CDE9}.Debug|Any CPU.Build.0 = Debug|Any CPU
		{B14B0499-CFB3-413D-AC0F-7CE5BCE2CDE9}.Release|Any CPU.ActiveCfg = Release|Any CPU
		{B14B0499-CFB3-413D-AC0F-7CE5BCE2CDE9}.Release|Any CPU.Build.0 = Release|Any CPU
	EndGlobalSection
	GlobalSection(SolutionProperties) = preSolution
		HideSolutionNode = FALSE
	EndGlobalSection
	GlobalSection(ExtensibilityGlobals) = postSolution
		SolutionGuid = {5C92272E-1D4A-4C2F-84B5-9EDB83193B23}
	EndGlobalSection
EndGlobal
